
Microsoft Visual Studio Solution File, Format Version 12.00
# Visual Studio Version 17
VisualStudioVersion = 17.2.32616.157
MinimumVisualStudioVersion = 10.0.40219.1
Project("{9A19103F-16F7-4668-BE54-9A1E7A4F7556}") = "ImTryin.BrightnessSync", "ImTryin.BrightnessSync\ImTryin.BrightnessSync.csproj", "{3E87F6F6-65E3-40B4-858B-976DA8615B85}"
EndProject
Project("{2150E333-8FDC-42A3-9474-1A3956D46DE8}") = "Solution Items", "Solution Items", "{EB399954-56DC-42E6-B6E2-633D9353253D}"
	ProjectSection(SolutionItems) = preProject
		.gitignore = .gitignore
		LICENSE = LICENSE
		README.md = README.md
	EndProjectSection
EndProject
Global
	GlobalSection(SolutionConfigurationPlatforms) = preSolution
		Debug|Any CPU = Debug|Any CPU
		Release|Any CPU = Release|Any CPU
	EndGlobalSection
	GlobalSection(ProjectConfigurationPlatforms) = postSolution
		{3E87F6F6-65E3-40B4-858B-976DA8615B85}.Debug|Any CPU.ActiveCfg = Debug|Any CPU
		{3E87F6F6-65E3-40B4-858B-976DA8615B85}.Debug|Any CPU.Build.0 = Debug|Any CPU
		{3E87F6F6-65E3-40B4-858B-976DA8615B85}.Release|Any CPU.ActiveCfg = Release|Any CPU
		{3E87F6F6-65E3-40B4-858B-976DA8615B85}.Release|Any CPU.Build.0 = Release|Any CPU
	EndGlobalSection
	GlobalSection(SolutionProperties) = preSolution
		HideSolutionNode = FALSE
	EndGlobalSection
	GlobalSection(ExtensibilityGlobals) = postSolution
		SolutionGuid = {089118D4-8C35-4C73-B854-3936F8A91043}
	EndGlobalSection
EndGlobal
